<?xml version="1.0" encoding="utf-8"?>
<Project ToolsVersion="4.0" xmlns="http://schemas.microsoft.com/developer/msbuild/2003">
  <ItemGroup>
    <Filter Include="Source Files">
      <UniqueIdentifier>{4FC737F1-C7A5-4376-A066-2A32D752A2FF}</UniqueIdentifier>
      <Extensions>cpp;c;cc;cxx;def;odl;idl;hpj;bat;asm;asmx</Extensions>
    </Filter>
    <Filter Include="Header Files">
      <UniqueIdentifier>{93995380-89BD-4b04-88EB-625FBE52EBFB}</UniqueIdentifier>
      <Extensions>h;hpp;hxx;hm;inl;inc;xsd</Extensions>
    </Filter>
  </ItemGroup>
  <ItemGroup>
    <ClInclude Include="Warcraft.h">
      <Filter>Header Files</Filter>
    </ClInclude>
    <ClInclude Include="Functions.h">
      <Filter>Header Files</Filter>
    </ClInclude>
    <ClInclude Include="Warcraft Functions.h">
      <Filter>Header Files</Filter>
    </ClInclude>
    <ClInclude Include="Map Hack.h">
      <Filter>Header Files</Filter>
    </ClInclude>
    <ClInclude Include="Camera Distance Hack.h">
      <Filter>Header Files</Filter>
    </ClInclude>
    <ClInclude Include="Scoreboard Shortcut Key.h">
      <Filter>Header Files</Filter>
    </ClInclude>
    <ClInclude Include="Gray HP Under Fog.h">
      <Filter>Header Files</Filter>
    </ClInclude>
    <ClInclude Include="Mana Bar.h">
      <Filter>Header Files</Filter>
    </ClInclude>
    <ClInclude Include="Rune Notifier.h">
      <Filter>Header Files</Filter>
    </ClInclude>
    <ClInclude Include="Roshan Notifier.h">
      <Filter>Header Files</Filter>
    </ClInclude>
    <ClInclude Include="Color Invisibles.h">
      <Filter>Header Files</Filter>
    </ClInclude>
    <ClInclude Include="Dream UI.h">
      <Filter>Header Files</Filter>
    </ClInclude>
    <ClInclude Include="HotKeys.h">
      <Filter>Header Files</Filter>
    </ClInclude>
    <ClInclude Include="Instant Game Start.h">
      <Filter>Header Files</Filter>
    </ClInclude>
    <ClInclude Include="Game Start Notifier.h">
      <Filter>Header Files</Filter>
    </ClInclude>
    <ClInclude Include="Jass Natives.h">
      <Filter>Header Files</Filter>
    </ClInclude>
    <ClInclude Include="States.h">
      <Filter>Header Files</Filter>
    </ClInclude>
    <ClInclude Include="SafeClick.h">
      <Filter>Header Files</Filter>
    </ClInclude>
    <ClInclude Include="Damage Notifier.h">
      <Filter>Header Files</Filter>
    </ClInclude>
    <ClInclude Include="Delay Reducer.h">
      <Filter>Header Files</Filter>
    </ClInclude>
    <ClInclude Include="WoodCutter.h">
      <Filter>Header Files</Filter>
    </ClInclude>
  </ItemGroup>
  <ItemGroup>
    <ClCompile Include="Warcraft.cpp">
      <Filter>Source Files</Filter>
    </ClCompile>
    <ClCompile Include="Functions.cpp">
      <Filter>Source Files</Filter>
    </ClCompile>
    <ClCompile Include="Warcraft Functions.cpp">
      <Filter>Source Files</Filter>
    </ClCompile>
    <ClCompile Include="Map Hack.cpp">
      <Filter>Source Files</Filter>
    </ClCompile>
    <ClCompile Include="Camera Distance Hack.cpp">
      <Filter>Source Files</Filter>
    </ClCompile>
    <ClCompile Include="Scoreboard Shortcut Key.cpp">
      <Filter>Source Files</Filter>
    </ClCompile>
    <ClCompile Include="Gray HP Under Fog.cpp">
      <Filter>Source Files</Filter>
    </ClCompile>
    <ClCompile Include="Mana Bar.cpp">
      <Filter>Source Files</Filter>
    </ClCompile>
    <ClCompile Include="Rune Notifier.cpp">
      <Filter>Source Files</Filter>
    </ClCompile>
    <ClCompile Include="Roshan Notifier.cpp">
      <Filter>Source Files</Filter>
    </ClCompile>
    <ClCompile Include="Color Invisibles.cpp">
      <Filter>Source Files</Filter>
    </ClCompile>
    <ClCompile Include="Dream UI.cpp">
      <Filter>Source Files</Filter>
    </ClCompile>
    <ClCompile Include="HotKeys.cpp">
      <Filter>Source Files</Filter>
    </ClCompile>
    <ClCompile Include="Instant Game Start.cpp">
      <Filter>Source Files</Filter>
    </ClCompile>
    <ClCompile Include="Game Start Notifier.cpp">
      <Filter>Source Files</Filter>
    </ClCompile>
    <ClCompile Include="Jass Natives.cpp">
      <Filter>Source Files</Filter>
    </ClCompile>
    <ClCompile Include="States.cpp">
      <Filter>Source Files</Filter>
    </ClCompile>
    <ClCompile Include="SafeClick.cpp">
      <Filter>Source Files</Filter>
    </ClCompile>
    <ClCompile Include="Damage Notifier.cpp">
      <Filter>Source Files</Filter>
    </ClCompile>
    <ClCompile Include="Delay Reducer.cpp">
      <Filter>Source Files</Filter>
    </ClCompile>
    <ClCompile Include="WoodCutter.cpp">
      <Filter>Source Files</Filter>
    </ClCompile>
  </ItemGroup>
</Project>